
Microsoft Visual Studio Solution File, Format Version 12.00
# Visual Studio Version 17
VisualStudioVersion = 17.10.34928.147
MinimumVisualStudioVersion = 10.0.40219.1
Project("{2150E333-8FDC-42A3-9474-1A3956D46DE8}") = "4-EBR", "4-EBR", "{EB35D1CC-0B75-43FC-88A9-DB59F51CE378}"
EndProject
Project("{2150E333-8FDC-42A3-9474-1A3956D46DE8}") = "3-ABR", "3-ABR", "{BB1AA2C4-20E7-4BCF-B4F5-15D588C99078}"
EndProject
Project("{2150E333-8FDC-42A3-9474-1A3956D46DE8}") = "2-IEA", "2-IEA", "{4A7417CA-A837-4960-A878-CC387696E38D}"
EndProject
Project("{2150E333-8FDC-42A3-9474-1A3956D46DE8}") = "1-FDR", "1-FDR", "{074B8904-FF3F-4CC7-AD17-9E12CE9D58EF}"
EndProject
Project("{2150E333-8FDC-42A3-9474-1A3956D46DE8}") = "Gateways", "Gateways", "{147F6DE8-61D9-4B35-80B4-C6074A2CDE97}"
EndProject
Project("{9A19103F-16F7-4668-BE54-9A1E7A4F7556}") = "Controllers", "src\Controllers\Controllers.csproj", "{813AA942-182F-45EC-B8BA-BE7FE75C3E06}"
EndProject
Project("{9A19103F-16F7-4668-BE54-9A1E7A4F7556}") = "Interfaces", "src\Interfaces\Interfaces.csproj", "{9E95F761-84D8-42BE-B9BA-FB8E164E1A31}"
EndProject
Project("{9A19103F-16F7-4668-BE54-9A1E7A4F7556}") = "UseCases", "src\UseCases\UseCases.csproj", "{C4B1E134-4892-47EB-96D1-D8FAFEB176F4}"
EndProject
Project("{9A19103F-16F7-4668-BE54-9A1E7A4F7556}") = "Entitys", "src\Entitys\Entitys.csproj", "{6FE161EF-20C0-45CC-96D4-7DC7D3B4A24E}"
EndProject
Project("{9A19103F-16F7-4668-BE54-9A1E7A4F7556}") = "Presenters", "src\Presenters\Presenters.csproj", "{B80FFF98-E0BF-428C-A850-CFFCFEF4EF63}"
EndProject
Project("{2150E333-8FDC-42A3-9474-1A3956D46DE8}") = "src", "src", "{CA31AD6F-C606-4CE5-B788-4564479ECAC2}"
EndProject
Project("{2150E333-8FDC-42A3-9474-1A3956D46DE8}") = "tests", "tests", "{40637C27-69C5-4A89-805E-D558CA17DB12}"
EndProject
Project("{9A19103F-16F7-4668-BE54-9A1E7A4F7556}") = "UnitTests", "tests\ConsultingTests\UnitTests.csproj", "{A74D90D0-17AA-47DB-8980-F325DD2744F2}"
EndProject
Project("{FAE04EC0-301F-11D3-BF4B-00C04F79EFBC}") = "DBGateways", "src\DBGateways\DBGateways.csproj", "{2A6BDE62-97CA-455E-9037-0F16448EADC3}"
EndProject
Project("{FAE04EC0-301F-11D3-BF4B-00C04F79EFBC}") = "DataBase", "src\DataBase\DataBase.csproj", "{29E8127D-9E04-4956-9B67-F9F1FF1DE8A2}"
EndProject
Project("{FAE04EC0-301F-11D3-BF4B-00C04F79EFBC}") = "CacheGateway", "src\CacheGateway\CacheGateway.csproj", "{7B4B9F7A-83DA-46F6-84F5-118FC8F7480C}"
EndProject
Project("{FAE04EC0-301F-11D3-BF4B-00C04F79EFBC}") = "Redis", "src\Redis\Redis.csproj", "{0E1B6EA6-BEBD-479A-BD52-5640B9ECF1AD}"
EndProject
Project("{FAE04EC0-301F-11D3-BF4B-00C04F79EFBC}") = "Appointments.Api", "src\Appointments.Api\Appointments.Api.csproj", "{8D0E5B3A-C089-4E4E-B811-95178AAC4E09}"
EndProject
Project("{FAE04EC0-301F-11D3-BF4B-00C04F79EFBC}") = "Rabbit.Producer", "src\Rabbit.Producer\Rabbit.Producer.csproj", "{B9B1D2FB-2C1B-4B01-A6A9-CC9AA2E4F10D}"
EndProject
Project("{FAE04EC0-301F-11D3-BF4B-00C04F79EFBC}") = "QueueGateway", "src\QueueGateway\QueueGateway.csproj", "{446A85FD-55B9-43C2-A690-DDA9578C847A}"
EndProject
Global
	GlobalSection(SolutionConfigurationPlatforms) = preSolution
		Debug|Any CPU = Debug|Any CPU
		Release|Any CPU = Release|Any CPU
	EndGlobalSection
	GlobalSection(ProjectConfigurationPlatforms) = postSolution
		{813AA942-182F-45EC-B8BA-BE7FE75C3E06}.Debug|Any CPU.ActiveCfg = Debug|Any CPU
		{813AA942-182F-45EC-B8BA-BE7FE75C3E06}.Debug|Any CPU.Build.0 = Debug|Any CPU
		{813AA942-182F-45EC-B8BA-BE7FE75C3E06}.Release|Any CPU.ActiveCfg = Release|Any CPU
		{813AA942-182F-45EC-B8BA-BE7FE75C3E06}.Release|Any CPU.Build.0 = Release|Any CPU
		{9E95F761-84D8-42BE-B9BA-FB8E164E1A31}.Debug|Any CPU.ActiveCfg = Debug|Any CPU
		{9E95F761-84D8-42BE-B9BA-FB8E164E1A31}.Debug|Any CPU.Build.0 = Debug|Any CPU
		{9E95F761-84D8-42BE-B9BA-FB8E164E1A31}.Release|Any CPU.ActiveCfg = Release|Any CPU
		{9E95F761-84D8-42BE-B9BA-FB8E164E1A31}.Release|Any CPU.Build.0 = Release|Any CPU
		{C4B1E134-4892-47EB-96D1-D8FAFEB176F4}.Debug|Any CPU.ActiveCfg = Debug|Any CPU
		{C4B1E134-4892-47EB-96D1-D8FAFEB176F4}.Debug|Any CPU.Build.0 = Debug|Any CPU
		{C4B1E134-4892-47EB-96D1-D8FAFEB176F4}.Release|Any CPU.ActiveCfg = Release|Any CPU
		{C4B1E134-4892-47EB-96D1-D8FAFEB176F4}.Release|Any CPU.Build.0 = Release|Any CPU
		{6FE161EF-20C0-45CC-96D4-7DC7D3B4A24E}.Debug|Any CPU.ActiveCfg = Debug|Any CPU
		{6FE161EF-20C0-45CC-96D4-7DC7D3B4A24E}.Debug|Any CPU.Build.0 = Debug|Any CPU
		{6FE161EF-20C0-45CC-96D4-7DC7D3B4A24E}.Release|Any CPU.ActiveCfg = Release|Any CPU
		{6FE161EF-20C0-45CC-96D4-7DC7D3B4A24E}.Release|Any CPU.Build.0 = Release|Any CPU
		{B80FFF98-E0BF-428C-A850-CFFCFEF4EF63}.Debug|Any CPU.ActiveCfg = Debug|Any CPU
		{B80FFF98-E0BF-428C-A850-CFFCFEF4EF63}.Debug|Any CPU.Build.0 = Debug|Any CPU
		{B80FFF98-E0BF-428C-A850-CFFCFEF4EF63}.Release|Any CPU.ActiveCfg = Release|Any CPU
		{B80FFF98-E0BF-428C-A850-CFFCFEF4EF63}.Release|Any CPU.Build.0 = Release|Any CPU
		{A74D90D0-17AA-47DB-8980-F325DD2744F2}.Debug|Any CPU.ActiveCfg = Debug|Any CPU
		{A74D90D0-17AA-47DB-8980-F325DD2744F2}.Debug|Any CPU.Build.0 = Debug|Any CPU
		{A74D90D0-17AA-47DB-8980-F325DD2744F2}.Release|Any CPU.ActiveCfg = Release|Any CPU
		{A74D90D0-17AA-47DB-8980-F325DD2744F2}.Release|Any CPU.Build.0 = Release|Any CPU
		{2A6BDE62-97CA-455E-9037-0F16448EADC3}.Debug|Any CPU.ActiveCfg = Debug|Any CPU
		{2A6BDE62-97CA-455E-9037-0F16448EADC3}.Debug|Any CPU.Build.0 = Debug|Any CPU
		{2A6BDE62-97CA-455E-9037-0F16448EADC3}.Release|Any CPU.ActiveCfg = Release|Any CPU
		{2A6BDE62-97CA-455E-9037-0F16448EADC3}.Release|Any CPU.Build.0 = Release|Any CPU
		{29E8127D-9E04-4956-9B67-F9F1FF1DE8A2}.Debug|Any CPU.ActiveCfg = Debug|Any CPU
		{29E8127D-9E04-4956-9B67-F9F1FF1DE8A2}.Debug|Any CPU.Build.0 = Debug|Any CPU
		{29E8127D-9E04-4956-9B67-F9F1FF1DE8A2}.Release|Any CPU.ActiveCfg = Release|Any CPU
		{29E8127D-9E04-4956-9B67-F9F1FF1DE8A2}.Release|Any CPU.Build.0 = Release|Any CPU
		{7B4B9F7A-83DA-46F6-84F5-118FC8F7480C}.Debug|Any CPU.ActiveCfg = Debug|Any CPU
		{7B4B9F7A-83DA-46F6-84F5-118FC8F7480C}.Debug|Any CPU.Build.0 = Debug|Any CPU
		{7B4B9F7A-83DA-46F6-84F5-118FC8F7480C}.Release|Any CPU.ActiveCfg = Release|Any CPU
		{7B4B9F7A-83DA-46F6-84F5-118FC8F7480C}.Release|Any CPU.Build.0 = Release|Any CPU
		{0E1B6EA6-BEBD-479A-BD52-5640B9ECF1AD}.Debug|Any CPU.ActiveCfg = Debug|Any CPU
		{0E1B6EA6-BEBD-479A-BD52-5640B9ECF1AD}.Debug|Any CPU.Build.0 = Debug|Any CPU
		{0E1B6EA6-BEBD-479A-BD52-5640B9ECF1AD}.Release|Any CPU.ActiveCfg = Release|Any CPU
		{0E1B6EA6-BEBD-479A-BD52-5640B9ECF1AD}.Release|Any CPU.Build.0 = Release|Any CPU
		{8D0E5B3A-C089-4E4E-B811-95178AAC4E09}.Debug|Any CPU.ActiveCfg = Debug|Any CPU
		{8D0E5B3A-C089-4E4E-B811-95178AAC4E09}.Debug|Any CPU.Build.0 = Debug|Any CPU
		{8D0E5B3A-C089-4E4E-B811-95178AAC4E09}.Release|Any CPU.ActiveCfg = Release|Any CPU
		{8D0E5B3A-C089-4E4E-B811-95178AAC4E09}.Release|Any CPU.Build.0 = Release|Any CPU
		{B9B1D2FB-2C1B-4B01-A6A9-CC9AA2E4F10D}.Debug|Any CPU.ActiveCfg = Debug|Any CPU
		{B9B1D2FB-2C1B-4B01-A6A9-CC9AA2E4F10D}.Debug|Any CPU.Build.0 = Debug|Any CPU
		{B9B1D2FB-2C1B-4B01-A6A9-CC9AA2E4F10D}.Release|Any CPU.ActiveCfg = Release|Any CPU
		{B9B1D2FB-2C1B-4B01-A6A9-CC9AA2E4F10D}.Release|Any CPU.Build.0 = Release|Any CPU
		{446A85FD-55B9-43C2-A690-DDA9578C847A}.Debug|Any CPU.ActiveCfg = Debug|Any CPU
		{446A85FD-55B9-43C2-A690-DDA9578C847A}.Debug|Any CPU.Build.0 = Debug|Any CPU
		{446A85FD-55B9-43C2-A690-DDA9578C847A}.Release|Any CPU.ActiveCfg = Release|Any CPU
		{446A85FD-55B9-43C2-A690-DDA9578C847A}.Release|Any CPU.Build.0 = Release|Any CPU
	EndGlobalSection
	GlobalSection(SolutionProperties) = preSolution
		HideSolutionNode = FALSE
	EndGlobalSection
	GlobalSection(NestedProjects) = preSolution
		{EB35D1CC-0B75-43FC-88A9-DB59F51CE378} = {CA31AD6F-C606-4CE5-B788-4564479ECAC2}
		{BB1AA2C4-20E7-4BCF-B4F5-15D588C99078} = {CA31AD6F-C606-4CE5-B788-4564479ECAC2}
		{4A7417CA-A837-4960-A878-CC387696E38D} = {CA31AD6F-C606-4CE5-B788-4564479ECAC2}
		{074B8904-FF3F-4CC7-AD17-9E12CE9D58EF} = {CA31AD6F-C606-4CE5-B788-4564479ECAC2}
		{147F6DE8-61D9-4B35-80B4-C6074A2CDE97} = {4A7417CA-A837-4960-A878-CC387696E38D}
		{813AA942-182F-45EC-B8BA-BE7FE75C3E06} = {4A7417CA-A837-4960-A878-CC387696E38D}
		{9E95F761-84D8-42BE-B9BA-FB8E164E1A31} = {4A7417CA-A837-4960-A878-CC387696E38D}
		{C4B1E134-4892-47EB-96D1-D8FAFEB176F4} = {BB1AA2C4-20E7-4BCF-B4F5-15D588C99078}
		{6FE161EF-20C0-45CC-96D4-7DC7D3B4A24E} = {EB35D1CC-0B75-43FC-88A9-DB59F51CE378}
		{B80FFF98-E0BF-428C-A850-CFFCFEF4EF63} = {147F6DE8-61D9-4B35-80B4-C6074A2CDE97}
		{A74D90D0-17AA-47DB-8980-F325DD2744F2} = {40637C27-69C5-4A89-805E-D558CA17DB12}
		{2A6BDE62-97CA-455E-9037-0F16448EADC3} = {147F6DE8-61D9-4B35-80B4-C6074A2CDE97}
		{29E8127D-9E04-4956-9B67-F9F1FF1DE8A2} = {074B8904-FF3F-4CC7-AD17-9E12CE9D58EF}
		{7B4B9F7A-83DA-46F6-84F5-118FC8F7480C} = {147F6DE8-61D9-4B35-80B4-C6074A2CDE97}
		{0E1B6EA6-BEBD-479A-BD52-5640B9ECF1AD} = {074B8904-FF3F-4CC7-AD17-9E12CE9D58EF}
		{8D0E5B3A-C089-4E4E-B811-95178AAC4E09} = {074B8904-FF3F-4CC7-AD17-9E12CE9D58EF}
		{B9B1D2FB-2C1B-4B01-A6A9-CC9AA2E4F10D} = {074B8904-FF3F-4CC7-AD17-9E12CE9D58EF}
		{446A85FD-55B9-43C2-A690-DDA9578C847A} = {147F6DE8-61D9-4B35-80B4-C6074A2CDE97}
	EndGlobalSection
	GlobalSection(ExtensibilityGlobals) = postSolution
		SolutionGuid = {A2445399-5ABB-4272-875F-DE059539A92F}
	EndGlobalSection
EndGlobal
