
Microsoft Visual Studio Solution File, Format Version 12.00
# Visual Studio Version 17
VisualStudioVersion = 17.10.34928.147
MinimumVisualStudioVersion = 10.0.40219.1
Project("{2150E333-8FDC-42A3-9474-1A3956D46DE8}") = "4-EBR", "4-EBR", "{EB35D1CC-0B75-43FC-88A9-DB59F51CE378}"
EndProject
Project("{2150E333-8FDC-42A3-9474-1A3956D46DE8}") = "3-ABR", "3-ABR", "{BB1AA2C4-20E7-4BCF-B4F5-15D588C99078}"
EndProject
Project("{2150E333-8FDC-42A3-9474-1A3956D46DE8}") = "2-IEA", "2-IEA", "{4A7417CA-A837-4960-A878-CC387696E38D}"
EndProject
Project("{2150E333-8FDC-42A3-9474-1A3956D46DE8}") = "1-FDR", "1-FDR", "{074B8904-FF3F-4CC7-AD17-9E12CE9D58EF}"
EndProject
Project("{9A19103F-16F7-4668-BE54-9A1E7A4F7556}") = "Rabbit.Consumer", "src\Rabbit.Consumer\Rabbit.Consumer.csproj", "{8E1B972C-E56D-46DD-8D8A-E66F92458533}"
EndProject
Project("{9A19103F-16F7-4668-BE54-9A1E7A4F7556}") = "Controllers", "src\Controllers\Controllers.csproj", "{813AA942-182F-45EC-B8BA-BE7FE75C3E06}"
EndProject
Project("{9A19103F-16F7-4668-BE54-9A1E7A4F7556}") = "UseCases", "src\UseCases\UseCases.csproj", "{C4B1E134-4892-47EB-96D1-D8FAFEB176F4}"
EndProject
Project("{9A19103F-16F7-4668-BE54-9A1E7A4F7556}") = "Entitys", "src\Entitys\Entitys.csproj", "{6FE161EF-20C0-45CC-96D4-7DC7D3B4A24E}"
EndProject
Project("{9A19103F-16F7-4668-BE54-9A1E7A4F7556}") = "Presenters", "src\Presenters\Presenters.csproj", "{B80FFF98-E0BF-428C-A850-CFFCFEF4EF63}"
EndProject
Project("{2150E333-8FDC-42A3-9474-1A3956D46DE8}") = "src", "src", "{CA31AD6F-C606-4CE5-B788-4564479ECAC2}"
EndProject
Project("{2150E333-8FDC-42A3-9474-1A3956D46DE8}") = "tests", "tests", "{40637C27-69C5-4A89-805E-D558CA17DB12}"
EndProject
Project("{9A19103F-16F7-4668-BE54-9A1E7A4F7556}") = "Notification.Worker", "src\Notification.Worker\Notification.Worker.csproj", "{453E481A-6C34-48E0-9BC6-60AA9493877C}"
EndProject
Project("{9A19103F-16F7-4668-BE54-9A1E7A4F7556}") = "DataBase", "src\DataBase\DataBase.csproj", "{6EB15EEE-F797-46BC-9147-0E90A6345FCB}"
EndProject
Project("{9A19103F-16F7-4668-BE54-9A1E7A4F7556}") = "Gateways", "src\Gateways\Gateways.csproj", "{11CF865E-AD5C-4574-9681-201DAF1B3166}"
EndProject
Project("{FAE04EC0-301F-11D3-BF4B-00C04F79EFBC}") = "Google", "src\Google\Google.csproj", "{89FC1ACE-0D9C-438F-8774-8F7BC3372B1B}"
EndProject
Project("{FAE04EC0-301F-11D3-BF4B-00C04F79EFBC}") = "Interface", "src\Interface\Interface.csproj", "{538A9024-5E61-47FB-BC67-AFC37614C8D0}"
EndProject
Global
	GlobalSection(SolutionConfigurationPlatforms) = preSolution
		Debug|Any CPU = Debug|Any CPU
		Release|Any CPU = Release|Any CPU
	EndGlobalSection
	GlobalSection(ProjectConfigurationPlatforms) = postSolution
		{8E1B972C-E56D-46DD-8D8A-E66F92458533}.Debug|Any CPU.ActiveCfg = Debug|Any CPU
		{8E1B972C-E56D-46DD-8D8A-E66F92458533}.Debug|Any CPU.Build.0 = Debug|Any CPU
		{8E1B972C-E56D-46DD-8D8A-E66F92458533}.Release|Any CPU.ActiveCfg = Release|Any CPU
		{8E1B972C-E56D-46DD-8D8A-E66F92458533}.Release|Any CPU.Build.0 = Release|Any CPU
		{813AA942-182F-45EC-B8BA-BE7FE75C3E06}.Debug|Any CPU.ActiveCfg = Debug|Any CPU
		{813AA942-182F-45EC-B8BA-BE7FE75C3E06}.Debug|Any CPU.Build.0 = Debug|Any CPU
		{813AA942-182F-45EC-B8BA-BE7FE75C3E06}.Release|Any CPU.ActiveCfg = Release|Any CPU
		{813AA942-182F-45EC-B8BA-BE7FE75C3E06}.Release|Any CPU.Build.0 = Release|Any CPU
		{C4B1E134-4892-47EB-96D1-D8FAFEB176F4}.Debug|Any CPU.ActiveCfg = Debug|Any CPU
		{C4B1E134-4892-47EB-96D1-D8FAFEB176F4}.Debug|Any CPU.Build.0 = Debug|Any CPU
		{C4B1E134-4892-47EB-96D1-D8FAFEB176F4}.Release|Any CPU.ActiveCfg = Release|Any CPU
		{C4B1E134-4892-47EB-96D1-D8FAFEB176F4}.Release|Any CPU.Build.0 = Release|Any CPU
		{6FE161EF-20C0-45CC-96D4-7DC7D3B4A24E}.Debug|Any CPU.ActiveCfg = Debug|Any CPU
		{6FE161EF-20C0-45CC-96D4-7DC7D3B4A24E}.Debug|Any CPU.Build.0 = Debug|Any CPU
		{6FE161EF-20C0-45CC-96D4-7DC7D3B4A24E}.Release|Any CPU.ActiveCfg = Release|Any CPU
		{6FE161EF-20C0-45CC-96D4-7DC7D3B4A24E}.Release|Any CPU.Build.0 = Release|Any CPU
		{B80FFF98-E0BF-428C-A850-CFFCFEF4EF63}.Debug|Any CPU.ActiveCfg = Debug|Any CPU
		{B80FFF98-E0BF-428C-A850-CFFCFEF4EF63}.Debug|Any CPU.Build.0 = Debug|Any CPU
		{B80FFF98-E0BF-428C-A850-CFFCFEF4EF63}.Release|Any CPU.ActiveCfg = Release|Any CPU
		{B80FFF98-E0BF-428C-A850-CFFCFEF4EF63}.Release|Any CPU.Build.0 = Release|Any CPU
		{453E481A-6C34-48E0-9BC6-60AA9493877C}.Debug|Any CPU.ActiveCfg = Debug|Any CPU
		{453E481A-6C34-48E0-9BC6-60AA9493877C}.Debug|Any CPU.Build.0 = Debug|Any CPU
		{453E481A-6C34-48E0-9BC6-60AA9493877C}.Release|Any CPU.ActiveCfg = Release|Any CPU
		{453E481A-6C34-48E0-9BC6-60AA9493877C}.Release|Any CPU.Build.0 = Release|Any CPU
		{6EB15EEE-F797-46BC-9147-0E90A6345FCB}.Debug|Any CPU.ActiveCfg = Debug|Any CPU
		{6EB15EEE-F797-46BC-9147-0E90A6345FCB}.Debug|Any CPU.Build.0 = Debug|Any CPU
		{6EB15EEE-F797-46BC-9147-0E90A6345FCB}.Release|Any CPU.ActiveCfg = Release|Any CPU
		{6EB15EEE-F797-46BC-9147-0E90A6345FCB}.Release|Any CPU.Build.0 = Release|Any CPU
		{89E4C864-E39A-4CAC-9D19-3A0134622598}.Debug|Any CPU.ActiveCfg = Debug|Any CPU
		{89E4C864-E39A-4CAC-9D19-3A0134622598}.Debug|Any CPU.Build.0 = Debug|Any CPU
		{89E4C864-E39A-4CAC-9D19-3A0134622598}.Release|Any CPU.ActiveCfg = Release|Any CPU
		{89E4C864-E39A-4CAC-9D19-3A0134622598}.Release|Any CPU.Build.0 = Release|Any CPU
		{7B5BCA90-8C20-4C82-AB5E-2C95AF870506}.Debug|Any CPU.ActiveCfg = Debug|Any CPU
		{7B5BCA90-8C20-4C82-AB5E-2C95AF870506}.Debug|Any CPU.Build.0 = Debug|Any CPU
		{7B5BCA90-8C20-4C82-AB5E-2C95AF870506}.Release|Any CPU.ActiveCfg = Release|Any CPU
		{7B5BCA90-8C20-4C82-AB5E-2C95AF870506}.Release|Any CPU.Build.0 = Release|Any CPU
		{11CF865E-AD5C-4574-9681-201DAF1B3166}.Debug|Any CPU.ActiveCfg = Debug|Any CPU
		{11CF865E-AD5C-4574-9681-201DAF1B3166}.Debug|Any CPU.Build.0 = Debug|Any CPU
		{11CF865E-AD5C-4574-9681-201DAF1B3166}.Release|Any CPU.ActiveCfg = Release|Any CPU
		{11CF865E-AD5C-4574-9681-201DAF1B3166}.Release|Any CPU.Build.0 = Release|Any CPU
		{89FC1ACE-0D9C-438F-8774-8F7BC3372B1B}.Debug|Any CPU.ActiveCfg = Debug|Any CPU
		{89FC1ACE-0D9C-438F-8774-8F7BC3372B1B}.Debug|Any CPU.Build.0 = Debug|Any CPU
		{89FC1ACE-0D9C-438F-8774-8F7BC3372B1B}.Release|Any CPU.ActiveCfg = Release|Any CPU
		{89FC1ACE-0D9C-438F-8774-8F7BC3372B1B}.Release|Any CPU.Build.0 = Release|Any CPU
		{538A9024-5E61-47FB-BC67-AFC37614C8D0}.Debug|Any CPU.ActiveCfg = Debug|Any CPU
		{538A9024-5E61-47FB-BC67-AFC37614C8D0}.Debug|Any CPU.Build.0 = Debug|Any CPU
		{538A9024-5E61-47FB-BC67-AFC37614C8D0}.Release|Any CPU.ActiveCfg = Release|Any CPU
		{538A9024-5E61-47FB-BC67-AFC37614C8D0}.Release|Any CPU.Build.0 = Release|Any CPU
	EndGlobalSection
	GlobalSection(SolutionProperties) = preSolution
		HideSolutionNode = FALSE
	EndGlobalSection
	GlobalSection(NestedProjects) = preSolution
		{EB35D1CC-0B75-43FC-88A9-DB59F51CE378} = {CA31AD6F-C606-4CE5-B788-4564479ECAC2}
		{BB1AA2C4-20E7-4BCF-B4F5-15D588C99078} = {CA31AD6F-C606-4CE5-B788-4564479ECAC2}
		{4A7417CA-A837-4960-A878-CC387696E38D} = {CA31AD6F-C606-4CE5-B788-4564479ECAC2}
		{074B8904-FF3F-4CC7-AD17-9E12CE9D58EF} = {CA31AD6F-C606-4CE5-B788-4564479ECAC2}
		{8E1B972C-E56D-46DD-8D8A-E66F92458533} = {074B8904-FF3F-4CC7-AD17-9E12CE9D58EF}
		{813AA942-182F-45EC-B8BA-BE7FE75C3E06} = {4A7417CA-A837-4960-A878-CC387696E38D}
		{C4B1E134-4892-47EB-96D1-D8FAFEB176F4} = {BB1AA2C4-20E7-4BCF-B4F5-15D588C99078}
		{6FE161EF-20C0-45CC-96D4-7DC7D3B4A24E} = {EB35D1CC-0B75-43FC-88A9-DB59F51CE378}
		{B80FFF98-E0BF-428C-A850-CFFCFEF4EF63} = {4A7417CA-A837-4960-A878-CC387696E38D}
		{453E481A-6C34-48E0-9BC6-60AA9493877C} = {074B8904-FF3F-4CC7-AD17-9E12CE9D58EF}
		{6EB15EEE-F797-46BC-9147-0E90A6345FCB} = {074B8904-FF3F-4CC7-AD17-9E12CE9D58EF}
		{89E4C864-E39A-4CAC-9D19-3A0134622598} = {40637C27-69C5-4A89-805E-D558CA17DB12}
		{7B5BCA90-8C20-4C82-AB5E-2C95AF870506} = {40637C27-69C5-4A89-805E-D558CA17DB12}
		{11CF865E-AD5C-4574-9681-201DAF1B3166} = {4A7417CA-A837-4960-A878-CC387696E38D}
		{89FC1ACE-0D9C-438F-8774-8F7BC3372B1B} = {074B8904-FF3F-4CC7-AD17-9E12CE9D58EF}
		{538A9024-5E61-47FB-BC67-AFC37614C8D0} = {4A7417CA-A837-4960-A878-CC387696E38D}
	EndGlobalSection
	GlobalSection(ExtensibilityGlobals) = postSolution
		SolutionGuid = {A2445399-5ABB-4272-875F-DE059539A92F}
	EndGlobalSection
EndGlobal
